{
  "name": "voxel",
  "lockfileVersion": 3,
  "requires": true,
  "packages": {
    "": {
      "dependencies": {
        "opencode-goal-plugin": "^0.9.0"
      }
    },
    "node_modules/opencode-goal-plugin": {
      "version": "0.9.0",
      "resolved": "https://registry.npmjs.org/opencode-goal-plugin/-/opencode-goal-plugin-0.9.0.tgz",
      "integrity": "sha512-UymFpMfBtd3xEOYauPyAKpRKYnRsktOE0q7Kt7eWLL1ACb65HXMw+cFvEerY8htaPYg37pF2q7tw53nlleMxqg==",
      "license": "MIT",
      "dependencies": {
        "zod": "4.4.3"
      },
      "bin": {
        "opencode-goal-plugin": "scripts/verify.mjs"
      },
      "engines": {
        "node": ">=18",
        "opencode": ">=1.17.15 <2"
      }
    },
    "node_modules/zod": {
      "version": "4.4.3",
      "resolved": "https://registry.npmjs.org/zod/-/zod-4.4.3.tgz",
      "integrity": "sha512-ytENFjIJFl2UwYglde2jchW2Hwm4GJFLDiSXWdTrJQBIN9Fcyp7n4DhxJEiWNAJMV1/BqWfW/kkg71UDcHJyTQ==",
      "license": "MIT",
      "funding": {
        "url": "https://github.com/sponsors/colinhacks"
      }
    }
  }
}
